
Microsoft Visual Studio Solution File, Format Version 12.00
# Visual Studio Version 16
VisualStudioVersion = 16.0.31410.357
MinimumVisualStudioVersion = 10.0.40219.1
Project("{FAE04EC0-301F-11D3-BF4B-00C04F79EFBC}") = "PrimCakeApp2", "PrimCakeApp2\PrimCakeApp2\PrimCakeApp2.csproj", "{8D8C86C2-E43E-444B-9C42-57A99A095809}"
EndProject
Project("{FAE04EC0-301F-11D3-BF4B-00C04F79EFBC}") = "PrimCakeApp2.Android", "PrimCakeApp2\PrimCakeApp2.Android\PrimCakeApp2.Android.csproj", "{CE6988CF-654F-4F3C-AE12-05F5AE7EDD22}"
EndProject
Project("{FAE04EC0-301F-11D3-BF4B-00C04F79EFBC}") = "PrimCakeApp2.iOS", "PrimCakeApp2\PrimCakeApp2.iOS\PrimCakeApp2.iOS.csproj", "{303ED820-3E84-4348-B98B-F3E3C96828DD}"
EndProject
Global
	GlobalSection(SolutionConfigurationPlatforms) = preSolution
		Ad-Hoc|Any CPU = Ad-Hoc|Any CPU
		Ad-Hoc|iPhone = Ad-Hoc|iPhone
		Ad-Hoc|iPhoneSimulator = Ad-Hoc|iPhoneSimulator
		AppStore|Any CPU = AppStore|Any CPU
		AppStore|iPhone = AppStore|iPhone
		AppStore|iPhoneSimulator = AppStore|iPhoneSimulator
		Debug|Any CPU = Debug|Any CPU
		Debug|iPhone = Debug|iPhone
		Debug|iPhoneSimulator = Debug|iPhoneSimulator
		Release|Any CPU = Release|Any CPU
		Release|iPhone = Release|iPhone
		Release|iPhoneSimulator = Release|iPhoneSimulator
	EndGlobalSection
	GlobalSection(ProjectConfigurationPlatforms) = postSolution
		{8D8C86C2-E43E-444B-9C42-57A99A095809}.Ad-Hoc|Any CPU.ActiveCfg = Debug|Any CPU
		{8D8C86C2-E43E-444B-9C42-57A99A095809}.Ad-Hoc|Any CPU.Build.0 = Debug|Any CPU
		{8D8C86C2-E43E-444B-9C42-57A99A095809}.Ad-Hoc|iPhone.ActiveCfg = Debug|Any CPU
		{8D8C86C2-E43E-444B-9C42-57A99A095809}.Ad-Hoc|iPhone.Build.0 = Debug|Any CPU
		{8D8C86C2-E43E-444B-9C42-57A99A095809}.Ad-Hoc|iPhoneSimulator.ActiveCfg = Debug|Any CPU
		{8D8C86C2-E43E-444B-9C42-57A99A095809}.Ad-Hoc|iPhoneSimulator.Build.0 = Debug|Any CPU
		{8D8C86C2-E43E-444B-9C42-57A99A095809}.AppStore|Any CPU.ActiveCfg = Debug|Any CPU
		{8D8C86C2-E43E-444B-9C42-57A99A095809}.AppStore|Any CPU.Build.0 = Debug|Any CPU
		{8D8C86C2-E43E-444B-9C42-57A99A095809}.AppStore|iPhone.ActiveCfg = Debug|Any CPU
		{8D8C86C2-E43E-444B-9C42-57A99A095809}.AppStore|iPhone.Build.0 = Debug|Any CPU
		{8D8C86C2-E43E-444B-9C42-57A99A095809}.AppStore|iPhoneSimulator.ActiveCfg = Debug|Any CPU
		{8D8C86C2-E43E-444B-9C42-57A99A095809}.AppStore|iPhoneSimulator.Build.0 = Debug|Any CPU
		{8D8C86C2-E43E-444B-9C42-57A99A095809}.Debug|Any CPU.ActiveCfg = Debug|Any CPU
		{8D8C86C2-E43E-444B-9C42-57A99A095809}.Debug|Any CPU.Build.0 = Debug|Any CPU
		{8D8C86C2-E43E-444B-9C42-57A99A095809}.Debug|iPhone.ActiveCfg = Debug|Any CPU
		{8D8C86C2-E43E-444B-9C42-57A99A095809}.Debug|iPhone.Build.0 = Debug|Any CPU
		{8D8C86C2-E43E-444B-9C42-57A99A095809}.Debug|iPhoneSimulator.ActiveCfg = Debug|Any CPU
		{8D8C86C2-E43E-444B-9C42-57A99A095809}.Debug|iPhoneSimulator.Build.0 = Debug|Any CPU
		{8D8C86C2-E43E-444B-9C42-57A99A095809}.Release|Any CPU.ActiveCfg = Release|Any CPU
		{8D8C86C2-E43E-444B-9C42-57A99A095809}.Release|Any CPU.Build.0 = Release|Any CPU
		{8D8C86C2-E43E-444B-9C42-57A99A095809}.Release|iPhone.ActiveCfg = Release|Any CPU
		{8D8C86C2-E43E-444B-9C42-57A99A095809}.Release|iPhone.Build.0 = Release|Any CPU
		{8D8C86C2-E43E-444B-9C42-57A99A095809}.Release|iPhoneSimulator.ActiveCfg = Release|Any CPU
		{8D8C86C2-E43E-444B-9C42-57A99A095809}.Release|iPhoneSimulator.Build.0 = Release|Any CPU
		{CE6988CF-654F-4F3C-AE12-05F5AE7EDD22}.Ad-Hoc|Any CPU.ActiveCfg = Debug|Any CPU
		{CE6988CF-654F-4F3C-AE12-05F5AE7EDD22}.Ad-Hoc|Any CPU.Build.0 = Debug|Any CPU
		{CE6988CF-654F-4F3C-AE12-05F5AE7EDD22}.Ad-Hoc|Any CPU.Deploy.0 = Debug|Any CPU
		{CE6988CF-654F-4F3C-AE12-05F5AE7EDD22}.Ad-Hoc|iPhone.ActiveCfg = Debug|Any CPU
		{CE6988CF-654F-4F3C-AE12-05F5AE7EDD22}.Ad-Hoc|iPhone.Build.0 = Debug|Any CPU
		{CE6988CF-654F-4F3C-AE12-05F5AE7EDD22}.Ad-Hoc|iPhone.Deploy.0 = Debug|Any CPU
		{CE6988CF-654F-4F3C-AE12-05F5AE7EDD22}.Ad-Hoc|iPhoneSimulator.ActiveCfg = Debug|Any CPU
		{CE6988CF-654F-4F3C-AE12-05F5AE7EDD22}.Ad-Hoc|iPhoneSimulator.Build.0 = Debug|Any CPU
		{CE6988CF-654F-4F3C-AE12-05F5AE7EDD22}.Ad-Hoc|iPhoneSimulator.Deploy.0 = Debug|Any CPU
		{CE6988CF-654F-4F3C-AE12-05F5AE7EDD22}.AppStore|Any CPU.ActiveCfg = Debug|Any CPU
		{CE6988CF-654F-4F3C-AE12-05F5AE7EDD22}.AppStore|Any CPU.Build.0 = Debug|Any CPU
		{CE6988CF-654F-4F3C-AE12-05F5AE7EDD22}.AppStore|Any CPU.Deploy.0 = Debug|Any CPU
		{CE6988CF-654F-4F3C-AE12-05F5AE7EDD22}.AppStore|iPhone.ActiveCfg = Debug|Any CPU
		{CE6988CF-654F-4F3C-AE12-05F5AE7EDD22}.AppStore|iPhone.Build.0 = Debug|Any CPU
		{CE6988CF-654F-4F3C-AE12-05F5AE7EDD22}.AppStore|iPhone.Deploy.0 = Debug|Any CPU
		{CE6988CF-654F-4F3C-AE12-05F5AE7EDD22}.AppStore|iPhoneSimulator.ActiveCfg = Debug|Any CPU
		{CE6988CF-654F-4F3C-AE12-05F5AE7EDD22}.AppStore|iPhoneSimulator.Build.0 = Debug|Any CPU
		{CE6988CF-654F-4F3C-AE12-05F5AE7EDD22}.AppStore|iPhoneSimulator.Deploy.0 = Debug|Any CPU
		{CE6988CF-654F-4F3C-AE12-05F5AE7EDD22}.Debug|Any CPU.ActiveCfg = Debug|Any CPU
		{CE6988CF-654F-4F3C-AE12-05F5AE7EDD22}.Debug|Any CPU.Build.0 = Debug|Any CPU
		{CE6988CF-654F-4F3C-AE12-05F5AE7EDD22}.Debug|Any CPU.Deploy.0 = Debug|Any CPU
		{CE6988CF-654F-4F3C-AE12-05F5AE7EDD22}.Debug|iPhone.ActiveCfg = Debug|Any CPU
		{CE6988CF-654F-4F3C-AE12-05F5AE7EDD22}.Debug|iPhone.Build.0 = Debug|Any CPU
		{CE6988CF-654F-4F3C-AE12-05F5AE7EDD22}.Debug|iPhone.Deploy.0 = Debug|Any CPU
		{CE6988CF-654F-4F3C-AE12-05F5AE7EDD22}.Debug|iPhoneSimulator.ActiveCfg = Debug|Any CPU
		{CE6988CF-654F-4F3C-AE12-05F5AE7EDD22}.Debug|iPhoneSimulator.Build.0 = Debug|Any CPU
		{CE6988CF-654F-4F3C-AE12-05F5AE7EDD22}.Debug|iPhoneSimulator.Deploy.0 = Debug|Any CPU
		{CE6988CF-654F-4F3C-AE12-05F5AE7EDD22}.Release|Any CPU.ActiveCfg = Release|Any CPU
		{CE6988CF-654F-4F3C-AE12-05F5AE7EDD22}.Release|Any CPU.Build.0 = Release|Any CPU
		{CE6988CF-654F-4F3C-AE12-05F5AE7EDD22}.Release|Any CPU.Deploy.0 = Release|Any CPU
		{CE6988CF-654F-4F3C-AE12-05F5AE7EDD22}.Release|iPhone.ActiveCfg = Release|Any CPU
		{CE6988CF-654F-4F3C-AE12-05F5AE7EDD22}.Release|iPhone.Build.0 = Release|Any CPU
		{CE6988CF-654F-4F3C-AE12-05F5AE7EDD22}.Release|iPhone.Deploy.0 = Release|Any CPU
		{CE6988CF-654F-4F3C-AE12-05F5AE7EDD22}.Release|iPhoneSimulator.ActiveCfg = Release|Any CPU
		{CE6988CF-654F-4F3C-AE12-05F5AE7EDD22}.Release|iPhoneSimulator.Build.0 = Release|Any CPU
		{CE6988CF-654F-4F3C-AE12-05F5AE7EDD22}.Release|iPhoneSimulator.Deploy.0 = Release|Any CPU
		{303ED820-3E84-4348-B98B-F3E3C96828DD}.Ad-Hoc|Any CPU.ActiveCfg = Ad-Hoc|iPhoneSimulator
		{303ED820-3E84-4348-B98B-F3E3C96828DD}.Ad-Hoc|iPhone.ActiveCfg = Ad-Hoc|iPhone
		{303ED820-3E84-4348-B98B-F3E3C96828DD}.Ad-Hoc|iPhone.Build.0 = Ad-Hoc|iPhone
		{303ED820-3E84-4348-B98B-F3E3C96828DD}.Ad-Hoc|iPhoneSimulator.ActiveCfg = Ad-Hoc|iPhoneSimulator
		{303ED820-3E84-4348-B98B-F3E3C96828DD}.Ad-Hoc|iPhoneSimulator.Build.0 = Ad-Hoc|iPhoneSimulator
		{303ED820-3E84-4348-B98B-F3E3C96828DD}.AppStore|Any CPU.ActiveCfg = AppStore|iPhoneSimulator
		{303ED820-3E84-4348-B98B-F3E3C96828DD}.AppStore|iPhone.ActiveCfg = AppStore|iPhone
		{303ED820-3E84-4348-B98B-F3E3C96828DD}.AppStore|iPhone.Build.0 = AppStore|iPhone
		{303ED820-3E84-4348-B98B-F3E3C96828DD}.AppStore|iPhoneSimulator.ActiveCfg = AppStore|iPhoneSimulator
		{303ED820-3E84-4348-B98B-F3E3C96828DD}.AppStore|iPhoneSimulator.Build.0 = AppStore|iPhoneSimulator
		{303ED820-3E84-4348-B98B-F3E3C96828DD}.Debug|Any CPU.ActiveCfg = Debug|iPhoneSimulator
		{303ED820-3E84-4348-B98B-F3E3C96828DD}.Debug|iPhone.ActiveCfg = Debug|iPhone
		{303ED820-3E84-4348-B98B-F3E3C96828DD}.Debug|iPhone.Build.0 = Debug|iPhone
		{303ED820-3E84-4348-B98B-F3E3C96828DD}.Debug|iPhoneSimulator.ActiveCfg = Debug|iPhoneSimulator
		{303ED820-3E84-4348-B98B-F3E3C96828DD}.Debug|iPhoneSimulator.Build.0 = Debug|iPhoneSimulator
		{303ED820-3E84-4348-B98B-F3E3C96828DD}.Release|Any CPU.ActiveCfg = Release|iPhoneSimulator
		{303ED820-3E84-4348-B98B-F3E3C96828DD}.Release|iPhone.ActiveCfg = Release|iPhone
		{303ED820-3E84-4348-B98B-F3E3C96828DD}.Release|iPhone.Build.0 = Release|iPhone
		{303ED820-3E84-4348-B98B-F3E3C96828DD}.Release|iPhoneSimulator.ActiveCfg = Release|iPhoneSimulator
		{303ED820-3E84-4348-B98B-F3E3C96828DD}.Release|iPhoneSimulator.Build.0 = Release|iPhoneSimulator
	EndGlobalSection
	GlobalSection(SolutionProperties) = preSolution
		HideSolutionNode = FALSE
	EndGlobalSection
	GlobalSection(ExtensibilityGlobals) = postSolution
		SolutionGuid = {6DDE215E-A16C-47FE-B70C-96E4BC9ED5D3}
	EndGlobalSection
EndGlobal
